
Microsoft Visual Studio Solution File, Format Version 12.00
# Visual Studio 2012
Project("{FAE04EC0-301F-11D3-BF4B-00C04F79EFBC}") = "ComponentKitExample", "ComponentKitExample\ComponentKitExample.csproj", "{915617A0-6857-401D-B7A3-BA0D933CAE84}"
EndProject
Project("{FAE04EC0-301F-11D3-BF4B-00C04F79EFBC}") = "ComponentKit", "D:\GitHub\ComponentKit\ComponentKit.csproj", "{1F5DD5C6-6B92-4F0D-8EC2-1941867082D6}"
EndProject
Global
	GlobalSection(SolutionConfigurationPlatforms) = preSolution
		Debug|Any CPU = Debug|Any CPU
		Release|Any CPU = Release|Any CPU
	EndGlobalSection
	GlobalSection(ProjectConfigurationPlatforms) = postSolution
		{915617A0-6857-401D-B7A3-BA0D933CAE84}.Debug|Any CPU.ActiveCfg = Debug|Any CPU
		{915617A0-6857-401D-B7A3-BA0D933CAE84}.Debug|Any CPU.Build.0 = Debug|Any CPU
		{915617A0-6857-401D-B7A3-BA0D933CAE84}.Release|Any CPU.ActiveCfg = Release|Any CPU
		{915617A0-6857-401D-B7A3-BA0D933CAE84}.Release|Any CPU.Build.0 = Release|Any CPU
		{1F5DD5C6-6B92-4F0D-8EC2-1941867082D6}.Debug|Any CPU.ActiveCfg = Debug|Any CPU
		{1F5DD5C6-6B92-4F0D-8EC2-1941867082D6}.Debug|Any CPU.Build.0 = Debug|Any CPU
		{1F5DD5C6-6B92-4F0D-8EC2-1941867082D6}.Release|Any CPU.ActiveCfg = Release|Any CPU
		{1F5DD5C6-6B92-4F0D-8EC2-1941867082D6}.Release|Any CPU.Build.0 = Release|Any CPU
	EndGlobalSection
	GlobalSection(SolutionProperties) = preSolution
		HideSolutionNode = FALSE
	EndGlobalSection
EndGlobal
